
Microsoft Visual Studio Solution File, Format Version 12.00
# Visual Studio Version 17
VisualStudioVersion = 17.6.33815.320
MinimumVisualStudioVersion = 10.0.40219.1
Project("{9A19103F-16F7-4668-BE54-9A1E7A4F7556}") = "E-Commerce.WebAPI", "E-Commerce-Web-App\E-Commerce.WebAPI.csproj", "{2D102210-7642-45A9-97FE-F891C03C5CC4}"
EndProject
Project("{FAE04EC0-301F-11D3-BF4B-00C04F79EFBC}") = "E-Commerce.Domain", "E-Commerce.Domain\E-Commerce.Domain.csproj", "{B7F010F6-2034-4018-B297-551B76873FA8}"
EndProject
Project("{FAE04EC0-301F-11D3-BF4B-00C04F79EFBC}") = "E-Commerce.Infrastructure", "E-Commerce.Infrastructure\E-Commerce.Infrastructure.csproj", "{6E8E8D92-1FE9-46A9-B3EE-F7A3E3DBA0C0}"
EndProject
Project("{FAE04EC0-301F-11D3-BF4B-00C04F79EFBC}") = "E-Commerce.Application", "E-Commerce.Applicatio\E-Commerce.Application.csproj", "{C30240F4-FD8A-4487-9A5B-39DCE2574D55}"
EndProject
Global
	GlobalSection(SolutionConfigurationPlatforms) = preSolution
		Debug|Any CPU = Debug|Any CPU
		Release|Any CPU = Release|Any CPU
	EndGlobalSection
	GlobalSection(ProjectConfigurationPlatforms) = postSolution
		{2D102210-7642-45A9-97FE-F891C03C5CC4}.Debug|Any CPU.ActiveCfg = Debug|Any CPU
		{2D102210-7642-45A9-97FE-F891C03C5CC4}.Debug|Any CPU.Build.0 = Debug|Any CPU
		{2D102210-7642-45A9-97FE-F891C03C5CC4}.Release|Any CPU.ActiveCfg = Release|Any CPU
		{2D102210-7642-45A9-97FE-F891C03C5CC4}.Release|Any CPU.Build.0 = Release|Any CPU
		{B7F010F6-2034-4018-B297-551B76873FA8}.Debug|Any CPU.ActiveCfg = Debug|Any CPU
		{B7F010F6-2034-4018-B297-551B76873FA8}.Debug|Any CPU.Build.0 = Debug|Any CPU
		{B7F010F6-2034-4018-B297-551B76873FA8}.Release|Any CPU.ActiveCfg = Release|Any CPU
		{B7F010F6-2034-4018-B297-551B76873FA8}.Release|Any CPU.Build.0 = Release|Any CPU
		{6E8E8D92-1FE9-46A9-B3EE-F7A3E3DBA0C0}.Debug|Any CPU.ActiveCfg = Debug|Any CPU
		{6E8E8D92-1FE9-46A9-B3EE-F7A3E3DBA0C0}.Debug|Any CPU.Build.0 = Debug|Any CPU
		{6E8E8D92-1FE9-46A9-B3EE-F7A3E3DBA0C0}.Release|Any CPU.ActiveCfg = Release|Any CPU
		{6E8E8D92-1FE9-46A9-B3EE-F7A3E3DBA0C0}.Release|Any CPU.Build.0 = Release|Any CPU
		{C30240F4-FD8A-4487-9A5B-39DCE2574D55}.Debug|Any CPU.ActiveCfg = Debug|Any CPU
		{C30240F4-FD8A-4487-9A5B-39DCE2574D55}.Debug|Any CPU.Build.0 = Debug|Any CPU
		{C30240F4-FD8A-4487-9A5B-39DCE2574D55}.Release|Any CPU.ActiveCfg = Release|Any CPU
		{C30240F4-FD8A-4487-9A5B-39DCE2574D55}.Release|Any CPU.Build.0 = Release|Any CPU
	EndGlobalSection
	GlobalSection(SolutionProperties) = preSolution
		HideSolutionNode = FALSE
	EndGlobalSection
	GlobalSection(ExtensibilityGlobals) = postSolution
		SolutionGuid = {A532C3B0-849F-4B33-A855-180255959458}
	EndGlobalSection
EndGlobal
